
Microsoft Visual Studio Solution File, Format Version 12.00
# Visual Studio Version 17
VisualStudioVersion = 17.4.33122.133
MinimumVisualStudioVersion = 10.0.40219.1
Project("{FAE04EC0-301F-11D3-BF4B-00C04F79EFBC}") = "WebApi", "WebApi\WebApi.csproj", "{54DC9E15-489C-4F97-A254-AFA273764C75}"
EndProject
Project("{FAE04EC0-301F-11D3-BF4B-00C04F79EFBC}") = "Business", "Business\Business.csproj", "{BA5CB74B-B1B9-4E34-8017-71EF1D303968}"
EndProject
Project("{FAE04EC0-301F-11D3-BF4B-00C04F79EFBC}") = "DataAccess", "DataAccess\DataAccess.csproj", "{095C99DB-EFC5-4EB2-BBCD-DCB1F18A089D}"
EndProject
Project("{FAE04EC0-301F-11D3-BF4B-00C04F79EFBC}") = "Entities", "Entities\Entities.csproj", "{2BAF37B9-8DF0-4BD6-903F-B2379273FD33}"
EndProject
Project("{FAE04EC0-301F-11D3-BF4B-00C04F79EFBC}") = "Core", "Core\Core.csproj", "{675DEB0F-BAB7-48CD-B64B-8F8EF7E71948}"
EndProject
Global
	GlobalSection(SolutionConfigurationPlatforms) = preSolution
		Debug|Any CPU = Debug|Any CPU
		Release|Any CPU = Release|Any CPU
	EndGlobalSection
	GlobalSection(ProjectConfigurationPlatforms) = postSolution
		{54DC9E15-489C-4F97-A254-AFA273764C75}.Debug|Any CPU.ActiveCfg = Debug|Any CPU
		{54DC9E15-489C-4F97-A254-AFA273764C75}.Debug|Any CPU.Build.0 = Debug|Any CPU
		{54DC9E15-489C-4F97-A254-AFA273764C75}.Release|Any CPU.ActiveCfg = Release|Any CPU
		{54DC9E15-489C-4F97-A254-AFA273764C75}.Release|Any CPU.Build.0 = Release|Any CPU
		{BA5CB74B-B1B9-4E34-8017-71EF1D303968}.Debug|Any CPU.ActiveCfg = Debug|Any CPU
		{BA5CB74B-B1B9-4E34-8017-71EF1D303968}.Debug|Any CPU.Build.0 = Debug|Any CPU
		{BA5CB74B-B1B9-4E34-8017-71EF1D303968}.Release|Any CPU.ActiveCfg = Release|Any CPU
		{BA5CB74B-B1B9-4E34-8017-71EF1D303968}.Release|Any CPU.Build.0 = Release|Any CPU
		{095C99DB-EFC5-4EB2-BBCD-DCB1F18A089D}.Debug|Any CPU.ActiveCfg = Debug|Any CPU
		{095C99DB-EFC5-4EB2-BBCD-DCB1F18A089D}.Debug|Any CPU.Build.0 = Debug|Any CPU
		{095C99DB-EFC5-4EB2-BBCD-DCB1F18A089D}.Release|Any CPU.ActiveCfg = Release|Any CPU
		{095C99DB-EFC5-4EB2-BBCD-DCB1F18A089D}.Release|Any CPU.Build.0 = Release|Any CPU
		{2BAF37B9-8DF0-4BD6-903F-B2379273FD33}.Debug|Any CPU.ActiveCfg = Debug|Any CPU
		{2BAF37B9-8DF0-4BD6-903F-B2379273FD33}.Debug|Any CPU.Build.0 = Debug|Any CPU
		{2BAF37B9-8DF0-4BD6-903F-B2379273FD33}.Release|Any CPU.ActiveCfg = Release|Any CPU
		{2BAF37B9-8DF0-4BD6-903F-B2379273FD33}.Release|Any CPU.Build.0 = Release|Any CPU
		{675DEB0F-BAB7-48CD-B64B-8F8EF7E71948}.Debug|Any CPU.ActiveCfg = Debug|Any CPU
		{675DEB0F-BAB7-48CD-B64B-8F8EF7E71948}.Debug|Any CPU.Build.0 = Debug|Any CPU
		{675DEB0F-BAB7-48CD-B64B-8F8EF7E71948}.Release|Any CPU.ActiveCfg = Release|Any CPU
		{675DEB0F-BAB7-48CD-B64B-8F8EF7E71948}.Release|Any CPU.Build.0 = Release|Any CPU
	EndGlobalSection
	GlobalSection(SolutionProperties) = preSolution
		HideSolutionNode = FALSE
	EndGlobalSection
	GlobalSection(ExtensibilityGlobals) = postSolution
		SolutionGuid = {5BB5383A-884A-4268-AAE2-5346A6B48A13}
	EndGlobalSection
EndGlobal
